
Microsoft Visual Studio Solution File, Format Version 12.00
# Visual Studio Version 17
VisualStudioVersion = 17.2.32630.192
MinimumVisualStudioVersion = 10.0.40219.1
Project("{9A19103F-16F7-4668-BE54-9A1E7A4F7556}") = "ConsoleApp", "ConsoleApp\ConsoleApp.csproj", "{5F5ACD68-9C2C-4C14-8398-71DD6EA37A0A}"
EndProject
Project("{9A19103F-16F7-4668-BE54-9A1E7A4F7556}") = "MatchGame", "MatchGame\MatchGame.csproj", "{019BAA81-5735-4FE0-B0BB-7EE90BC4788B}"
EndProject
Project("{9A19103F-16F7-4668-BE54-9A1E7A4F7556}") = "ExperimentWithControls.", "ExperimentWithControls\ExperimentWithControls..csproj", "{09FC5073-4186-4F05-B241-FB3467BCC36E}"
EndProject
Project("{FAE04EC0-301F-11D3-BF4B-00C04F79EFBC}") = "Clicker", "Clicker\Clicker.csproj", "{468F2BF8-46C3-4769-96CB-8EDC5789130F}"
EndProject
Project("{FAE04EC0-301F-11D3-BF4B-00C04F79EFBC}") = "F308SynchronizationContextTaskScheduler", "F308SynchronizationContextTaskScheduler\F308SynchronizationContextTaskScheduler.csproj", "{C9C89176-9E08-4506-8761-300D9E18E5C6}"
EndProject
Project("{FAE04EC0-301F-11D3-BF4B-00C04F79EFBC}") = "ConsoleAppAsync", "ConsoleAppAsync\ConsoleAppAsync.csproj", "{97D42D39-A9F7-45D4-9038-3CC424AE0604}"
EndProject
Project("{FAE04EC0-301F-11D3-BF4B-00C04F79EFBC}") = "F501UI_SyncContext", "F501UI_SyncContext\F501UI_SyncContext.csproj", "{4D374B01-AA03-489D-9E4C-7C5371EA7636}"
EndProject
Project("{9A19103F-16F7-4668-BE54-9A1E7A4F7556}") = "F601AsyncCPU", "F601AsyncCPU\F601AsyncCPU.csproj", "{22BDDC52-3C35-4852-9495-0490E44A88A4}"
EndProject
Project("{9A19103F-16F7-4668-BE54-9A1E7A4F7556}") = "F502TaskSchedulerAwait", "F502TaskSchedulerAwait\F502TaskSchedulerAwait.csproj", "{EACD36C6-DAC4-4104-8A9B-54EEB0F60BAF}"
EndProject
Project("{9A19103F-16F7-4668-BE54-9A1E7A4F7556}") = "F503AsyncVoid", "F503AsyncVoid\F503AsyncVoid.csproj", "{8927CDE2-8AF1-4F87-9080-4FD38B7FFE14}"
EndProject
Project("{9A19103F-16F7-4668-BE54-9A1E7A4F7556}") = "F504AsyncLambda", "F0504AsyncLambda\F504AsyncLambda.csproj", "{ADE276F7-8A0F-4BF4-9F5B-88DA32309148}"
EndProject
Project("{9A19103F-16F7-4668-BE54-9A1E7A4F7556}") = "F602AsyncCPU", "F602AsyncCPU\F602AsyncCPU.csproj", "{920EAB6F-BF0D-4E58-8E5A-A72C8DF2588D}"
EndProject
Project("{9A19103F-16F7-4668-BE54-9A1E7A4F7556}") = "F603AsyncIO", "F603AsyncIO\F603AsyncIO.csproj", "{8DCE220E-C1F9-4DCE-B321-9D34F9F17D49}"
EndProject
Project("{9A19103F-16F7-4668-BE54-9A1E7A4F7556}") = "F604AsyncIO", "F604AsyncIO\F604AsyncIO.csproj", "{4E7CA7F0-B72A-470F-86BA-7334A75F3B55}"
EndProject
Project("{9A19103F-16F7-4668-BE54-9A1E7A4F7556}") = "F606TAP", "F606TAP\F606TAP.csproj", "{83DAA432-3A62-461A-96F1-73B9C1E77757}"
EndProject
Project("{FAE04EC0-301F-11D3-BF4B-00C04F79EFBC}") = "F607AsyncPattern", "F607AsyncPattern\F607AsyncPattern.csproj", "{30CAB1C3-ADF8-4B70-96BF-529DA3E6244A}"
EndProject
Project("{9A19103F-16F7-4668-BE54-9A1E7A4F7556}") = "F608AsyncDelay", "F608AsyncDelay\F608AsyncDelay.csproj", "{A75BF32C-B0BC-4DC5-A8C8-EB4833E35B41}"
EndProject
Project("{9A19103F-16F7-4668-BE54-9A1E7A4F7556}") = "F609AsyncWaitAll", "F609AsyncWaitAll\F609AsyncWaitAll.csproj", "{2287440E-0476-4D2F-8E5C-25ED7064467E}"
EndProject
Project("{FAE04EC0-301F-11D3-BF4B-00C04F79EFBC}") = "F705Exceptions", "F705Exceptions\F705Exceptions.csproj", "{323F37CE-F66A-45A4-B145-1791F8C2AD1B}"
EndProject
Project("{9A19103F-16F7-4668-BE54-9A1E7A4F7556}") = "F723LoginPswd", "F723LoginPswd\F723LoginPswd.csproj", "{638C2547-E8A0-41D4-A02F-094852D0B526}"
EndProject
Project("{FAE04EC0-301F-11D3-BF4B-00C04F79EFBC}") = "F742Deadlock", "F742Deadlock\F742Deadlock.csproj", "{445406E5-4626-42BA-B0FA-4F0A02D6F859}"
EndProject
Global
	GlobalSection(SolutionConfigurationPlatforms) = preSolution
		Debug|Any CPU = Debug|Any CPU
		Release|Any CPU = Release|Any CPU
	EndGlobalSection
	GlobalSection(ProjectConfigurationPlatforms) = postSolution
		{5F5ACD68-9C2C-4C14-8398-71DD6EA37A0A}.Debug|Any CPU.ActiveCfg = Debug|Any CPU
		{5F5ACD68-9C2C-4C14-8398-71DD6EA37A0A}.Debug|Any CPU.Build.0 = Debug|Any CPU
		{5F5ACD68-9C2C-4C14-8398-71DD6EA37A0A}.Release|Any CPU.ActiveCfg = Release|Any CPU
		{5F5ACD68-9C2C-4C14-8398-71DD6EA37A0A}.Release|Any CPU.Build.0 = Release|Any CPU
		{019BAA81-5735-4FE0-B0BB-7EE90BC4788B}.Debug|Any CPU.ActiveCfg = Debug|Any CPU
		{019BAA81-5735-4FE0-B0BB-7EE90BC4788B}.Debug|Any CPU.Build.0 = Debug|Any CPU
		{019BAA81-5735-4FE0-B0BB-7EE90BC4788B}.Release|Any CPU.ActiveCfg = Release|Any CPU
		{019BAA81-5735-4FE0-B0BB-7EE90BC4788B}.Release|Any CPU.Build.0 = Release|Any CPU
		{09FC5073-4186-4F05-B241-FB3467BCC36E}.Debug|Any CPU.ActiveCfg = Debug|Any CPU
		{09FC5073-4186-4F05-B241-FB3467BCC36E}.Debug|Any CPU.Build.0 = Debug|Any CPU
		{09FC5073-4186-4F05-B241-FB3467BCC36E}.Release|Any CPU.ActiveCfg = Release|Any CPU
		{09FC5073-4186-4F05-B241-FB3467BCC36E}.Release|Any CPU.Build.0 = Release|Any CPU
		{468F2BF8-46C3-4769-96CB-8EDC5789130F}.Debug|Any CPU.ActiveCfg = Debug|Any CPU
		{468F2BF8-46C3-4769-96CB-8EDC5789130F}.Debug|Any CPU.Build.0 = Debug|Any CPU
		{468F2BF8-46C3-4769-96CB-8EDC5789130F}.Release|Any CPU.ActiveCfg = Release|Any CPU
		{468F2BF8-46C3-4769-96CB-8EDC5789130F}.Release|Any CPU.Build.0 = Release|Any CPU
		{C9C89176-9E08-4506-8761-300D9E18E5C6}.Debug|Any CPU.ActiveCfg = Debug|Any CPU
		{C9C89176-9E08-4506-8761-300D9E18E5C6}.Debug|Any CPU.Build.0 = Debug|Any CPU
		{C9C89176-9E08-4506-8761-300D9E18E5C6}.Release|Any CPU.ActiveCfg = Release|Any CPU
		{C9C89176-9E08-4506-8761-300D9E18E5C6}.Release|Any CPU.Build.0 = Release|Any CPU
		{97D42D39-A9F7-45D4-9038-3CC424AE0604}.Debug|Any CPU.ActiveCfg = Debug|Any CPU
		{97D42D39-A9F7-45D4-9038-3CC424AE0604}.Debug|Any CPU.Build.0 = Debug|Any CPU
		{97D42D39-A9F7-45D4-9038-3CC424AE0604}.Release|Any CPU.ActiveCfg = Release|Any CPU
		{97D42D39-A9F7-45D4-9038-3CC424AE0604}.Release|Any CPU.Build.0 = Release|Any CPU
		{4D374B01-AA03-489D-9E4C-7C5371EA7636}.Debug|Any CPU.ActiveCfg = Debug|Any CPU
		{4D374B01-AA03-489D-9E4C-7C5371EA7636}.Debug|Any CPU.Build.0 = Debug|Any CPU
		{4D374B01-AA03-489D-9E4C-7C5371EA7636}.Release|Any CPU.ActiveCfg = Release|Any CPU
		{4D374B01-AA03-489D-9E4C-7C5371EA7636}.Release|Any CPU.Build.0 = Release|Any CPU
		{22BDDC52-3C35-4852-9495-0490E44A88A4}.Debug|Any CPU.ActiveCfg = Debug|Any CPU
		{22BDDC52-3C35-4852-9495-0490E44A88A4}.Debug|Any CPU.Build.0 = Debug|Any CPU
		{22BDDC52-3C35-4852-9495-0490E44A88A4}.Release|Any CPU.ActiveCfg = Release|Any CPU
		{22BDDC52-3C35-4852-9495-0490E44A88A4}.Release|Any CPU.Build.0 = Release|Any CPU
		{EACD36C6-DAC4-4104-8A9B-54EEB0F60BAF}.Debug|Any CPU.ActiveCfg = Debug|Any CPU
		{EACD36C6-DAC4-4104-8A9B-54EEB0F60BAF}.Debug|Any CPU.Build.0 = Debug|Any CPU
		{EACD36C6-DAC4-4104-8A9B-54EEB0F60BAF}.Release|Any CPU.ActiveCfg = Release|Any CPU
		{EACD36C6-DAC4-4104-8A9B-54EEB0F60BAF}.Release|Any CPU.Build.0 = Release|Any CPU
		{8927CDE2-8AF1-4F87-9080-4FD38B7FFE14}.Debug|Any CPU.ActiveCfg = Debug|Any CPU
		{8927CDE2-8AF1-4F87-9080-4FD38B7FFE14}.Debug|Any CPU.Build.0 = Debug|Any CPU
		{8927CDE2-8AF1-4F87-9080-4FD38B7FFE14}.Release|Any CPU.ActiveCfg = Release|Any CPU
		{8927CDE2-8AF1-4F87-9080-4FD38B7FFE14}.Release|Any CPU.Build.0 = Release|Any CPU
		{ADE276F7-8A0F-4BF4-9F5B-88DA32309148}.Debug|Any CPU.ActiveCfg = Debug|Any CPU
		{ADE276F7-8A0F-4BF4-9F5B-88DA32309148}.Debug|Any CPU.Build.0 = Debug|Any CPU
		{ADE276F7-8A0F-4BF4-9F5B-88DA32309148}.Release|Any CPU.ActiveCfg = Release|Any CPU
		{ADE276F7-8A0F-4BF4-9F5B-88DA32309148}.Release|Any CPU.Build.0 = Release|Any CPU
		{920EAB6F-BF0D-4E58-8E5A-A72C8DF2588D}.Debug|Any CPU.ActiveCfg = Debug|Any CPU
		{920EAB6F-BF0D-4E58-8E5A-A72C8DF2588D}.Debug|Any CPU.Build.0 = Debug|Any CPU
		{920EAB6F-BF0D-4E58-8E5A-A72C8DF2588D}.Release|Any CPU.ActiveCfg = Release|Any CPU
		{920EAB6F-BF0D-4E58-8E5A-A72C8DF2588D}.Release|Any CPU.Build.0 = Release|Any CPU
		{8DCE220E-C1F9-4DCE-B321-9D34F9F17D49}.Debug|Any CPU.ActiveCfg = Debug|Any CPU
		{8DCE220E-C1F9-4DCE-B321-9D34F9F17D49}.Debug|Any CPU.Build.0 = Debug|Any CPU
		{8DCE220E-C1F9-4DCE-B321-9D34F9F17D49}.Release|Any CPU.ActiveCfg = Release|Any CPU
		{8DCE220E-C1F9-4DCE-B321-9D34F9F17D49}.Release|Any CPU.Build.0 = Release|Any CPU
		{4E7CA7F0-B72A-470F-86BA-7334A75F3B55}.Debug|Any CPU.ActiveCfg = Debug|Any CPU
		{4E7CA7F0-B72A-470F-86BA-7334A75F3B55}.Debug|Any CPU.Build.0 = Debug|Any CPU
		{4E7CA7F0-B72A-470F-86BA-7334A75F3B55}.Release|Any CPU.ActiveCfg = Release|Any CPU
		{4E7CA7F0-B72A-470F-86BA-7334A75F3B55}.Release|Any CPU.Build.0 = Release|Any CPU
		{83DAA432-3A62-461A-96F1-73B9C1E77757}.Debug|Any CPU.ActiveCfg = Debug|Any CPU
		{83DAA432-3A62-461A-96F1-73B9C1E77757}.Debug|Any CPU.Build.0 = Debug|Any CPU
		{83DAA432-3A62-461A-96F1-73B9C1E77757}.Release|Any CPU.ActiveCfg = Release|Any CPU
		{83DAA432-3A62-461A-96F1-73B9C1E77757}.Release|Any CPU.Build.0 = Release|Any CPU
		{30CAB1C3-ADF8-4B70-96BF-529DA3E6244A}.Debug|Any CPU.ActiveCfg = Debug|Any CPU
		{30CAB1C3-ADF8-4B70-96BF-529DA3E6244A}.Debug|Any CPU.Build.0 = Debug|Any CPU
		{30CAB1C3-ADF8-4B70-96BF-529DA3E6244A}.Release|Any CPU.ActiveCfg = Release|Any CPU
		{30CAB1C3-ADF8-4B70-96BF-529DA3E6244A}.Release|Any CPU.Build.0 = Release|Any CPU
		{A75BF32C-B0BC-4DC5-A8C8-EB4833E35B41}.Debug|Any CPU.ActiveCfg = Debug|Any CPU
		{A75BF32C-B0BC-4DC5-A8C8-EB4833E35B41}.Debug|Any CPU.Build.0 = Debug|Any CPU
		{A75BF32C-B0BC-4DC5-A8C8-EB4833E35B41}.Release|Any CPU.ActiveCfg = Release|Any CPU
		{A75BF32C-B0BC-4DC5-A8C8-EB4833E35B41}.Release|Any CPU.Build.0 = Release|Any CPU
		{2287440E-0476-4D2F-8E5C-25ED7064467E}.Debug|Any CPU.ActiveCfg = Debug|Any CPU
		{2287440E-0476-4D2F-8E5C-25ED7064467E}.Debug|Any CPU.Build.0 = Debug|Any CPU
		{2287440E-0476-4D2F-8E5C-25ED7064467E}.Release|Any CPU.ActiveCfg = Release|Any CPU
		{2287440E-0476-4D2F-8E5C-25ED7064467E}.Release|Any CPU.Build.0 = Release|Any CPU
		{323F37CE-F66A-45A4-B145-1791F8C2AD1B}.Debug|Any CPU.ActiveCfg = Debug|Any CPU
		{323F37CE-F66A-45A4-B145-1791F8C2AD1B}.Debug|Any CPU.Build.0 = Debug|Any CPU
		{323F37CE-F66A-45A4-B145-1791F8C2AD1B}.Release|Any CPU.ActiveCfg = Release|Any CPU
		{323F37CE-F66A-45A4-B145-1791F8C2AD1B}.Release|Any CPU.Build.0 = Release|Any CPU
		{638C2547-E8A0-41D4-A02F-094852D0B526}.Debug|Any CPU.ActiveCfg = Debug|Any CPU
		{638C2547-E8A0-41D4-A02F-094852D0B526}.Debug|Any CPU.Build.0 = Debug|Any CPU
		{638C2547-E8A0-41D4-A02F-094852D0B526}.Release|Any CPU.ActiveCfg = Release|Any CPU
		{638C2547-E8A0-41D4-A02F-094852D0B526}.Release|Any CPU.Build.0 = Release|Any CPU
		{445406E5-4626-42BA-B0FA-4F0A02D6F859}.Debug|Any CPU.ActiveCfg = Debug|Any CPU
		{445406E5-4626-42BA-B0FA-4F0A02D6F859}.Debug|Any CPU.Build.0 = Debug|Any CPU
		{445406E5-4626-42BA-B0FA-4F0A02D6F859}.Release|Any CPU.ActiveCfg = Release|Any CPU
		{445406E5-4626-42BA-B0FA-4F0A02D6F859}.Release|Any CPU.Build.0 = Release|Any CPU
	EndGlobalSection
	GlobalSection(SolutionProperties) = preSolution
		HideSolutionNode = FALSE
	EndGlobalSection
	GlobalSection(ExtensibilityGlobals) = postSolution
		SolutionGuid = {D1BDE6EF-7699-48C4-B5E3-6141D4889A1E}
	EndGlobalSection
EndGlobal
