
Microsoft Visual Studio Solution File, Format Version 12.00
# Visual Studio Version 17
VisualStudioVersion = 17.2.32630.192
MinimumVisualStudioVersion = 10.0.40219.1
Project("{FAE04EC0-301F-11D3-BF4B-00C04F79EFBC}") = "ConsoleApp", "ConsoleApp\ConsoleApp.csproj", "{5F5ACD68-9C2C-4C14-8398-71DD6EA37A0A}"
EndProject
Project("{FAE04EC0-301F-11D3-BF4B-00C04F79EFBC}") = "MatchGame", "MatchGame\MatchGame.csproj", "{019BAA81-5735-4FE0-B0BB-7EE90BC4788B}"
EndProject
Project("{FAE04EC0-301F-11D3-BF4B-00C04F79EFBC}") = "ExperimentWithControls.", "ExperimentWithControls\ExperimentWithControls..csproj", "{09FC5073-4186-4F05-B241-FB3467BCC36E}"
EndProject
Global
	GlobalSection(SolutionConfigurationPlatforms) = preSolution
		Debug|Any CPU = Debug|Any CPU
		Release|Any CPU = Release|Any CPU
	EndGlobalSection
	GlobalSection(ProjectConfigurationPlatforms) = postSolution
		{5F5ACD68-9C2C-4C14-8398-71DD6EA37A0A}.Debug|Any CPU.ActiveCfg = Debug|Any CPU
		{5F5ACD68-9C2C-4C14-8398-71DD6EA37A0A}.Debug|Any CPU.Build.0 = Debug|Any CPU
		{5F5ACD68-9C2C-4C14-8398-71DD6EA37A0A}.Release|Any CPU.ActiveCfg = Release|Any CPU
		{5F5ACD68-9C2C-4C14-8398-71DD6EA37A0A}.Release|Any CPU.Build.0 = Release|Any CPU
		{019BAA81-5735-4FE0-B0BB-7EE90BC4788B}.Debug|Any CPU.ActiveCfg = Debug|Any CPU
		{019BAA81-5735-4FE0-B0BB-7EE90BC4788B}.Debug|Any CPU.Build.0 = Debug|Any CPU
		{019BAA81-5735-4FE0-B0BB-7EE90BC4788B}.Release|Any CPU.ActiveCfg = Release|Any CPU
		{019BAA81-5735-4FE0-B0BB-7EE90BC4788B}.Release|Any CPU.Build.0 = Release|Any CPU
		{09FC5073-4186-4F05-B241-FB3467BCC36E}.Debug|Any CPU.ActiveCfg = Debug|Any CPU
		{09FC5073-4186-4F05-B241-FB3467BCC36E}.Debug|Any CPU.Build.0 = Debug|Any CPU
		{09FC5073-4186-4F05-B241-FB3467BCC36E}.Release|Any CPU.ActiveCfg = Release|Any CPU
		{09FC5073-4186-4F05-B241-FB3467BCC36E}.Release|Any CPU.Build.0 = Release|Any CPU
	EndGlobalSection
	GlobalSection(SolutionProperties) = preSolution
		HideSolutionNode = FALSE
	EndGlobalSection
	GlobalSection(ExtensibilityGlobals) = postSolution
		SolutionGuid = {D1BDE6EF-7699-48C4-B5E3-6141D4889A1E}
	EndGlobalSection
EndGlobal
